
Microsoft Visual Studio Solution File, Format Version 12.00
# Visual Studio 2012
Project("{8BC9CEB8-8B4A-11D0-8D11-00A0C91BC942}") = "Standup_Win32", "Standup_Win32\Standup_Win32.vcxproj", "{7F07FAF9-0DE0-48FB-8468-F8FABC71FF35}"
EndProject
Project("{8BC9CEB8-8B4A-11D0-8D11-00A0C91BC942}") = "Standup_Ogre_Win32", "Standup_Ogre_Win32\Standup_Ogre_Win32.vcxproj", "{377E7C18-7BA5-404D-81A5-464926DEFF8F}"
EndProject
Project("{8BC9CEB8-8B4A-11D0-8D11-00A0C91BC942}") = "CEGUI_In_OGRE", "CEGUI_In_OGRE\CEGUI_In_OGRE.vcxproj", "{4170793E-B45E-405A-8AEF-5CAC178C7BCE}"
EndProject
Global
	GlobalSection(SolutionConfigurationPlatforms) = preSolution
		Debug|Win32 = Debug|Win32
		Release|Win32 = Release|Win32
	EndGlobalSection
	GlobalSection(ProjectConfigurationPlatforms) = postSolution
		{7F07FAF9-0DE0-48FB-8468-F8FABC71FF35}.Debug|Win32.ActiveCfg = Debug|Win32
		{7F07FAF9-0DE0-48FB-8468-F8FABC71FF35}.Debug|Win32.Build.0 = Debug|Win32
		{7F07FAF9-0DE0-48FB-8468-F8FABC71FF35}.Release|Win32.ActiveCfg = Release|Win32
		{7F07FAF9-0DE0-48FB-8468-F8FABC71FF35}.Release|Win32.Build.0 = Release|Win32
		{377E7C18-7BA5-404D-81A5-464926DEFF8F}.Debug|Win32.ActiveCfg = Debug|Win32
		{377E7C18-7BA5-404D-81A5-464926DEFF8F}.Debug|Win32.Build.0 = Debug|Win32
		{377E7C18-7BA5-404D-81A5-464926DEFF8F}.Release|Win32.ActiveCfg = Release|Win32
		{377E7C18-7BA5-404D-81A5-464926DEFF8F}.Release|Win32.Build.0 = Release|Win32
		{4170793E-B45E-405A-8AEF-5CAC178C7BCE}.Debug|Win32.ActiveCfg = Debug|Win32
		{4170793E-B45E-405A-8AEF-5CAC178C7BCE}.Debug|Win32.Build.0 = Debug|Win32
		{4170793E-B45E-405A-8AEF-5CAC178C7BCE}.Release|Win32.ActiveCfg = Release|Win32
		{4170793E-B45E-405A-8AEF-5CAC178C7BCE}.Release|Win32.Build.0 = Release|Win32
	EndGlobalSection
	GlobalSection(SolutionProperties) = preSolution
		HideSolutionNode = FALSE
	EndGlobalSection
EndGlobal
